
Microsoft Visual Studio Solution File, Format Version 12.00
# Visual Studio 15
VisualStudioVersion = 15.0.34031.82
MinimumVisualStudioVersion = 10.0.40219.1
Project("{8BC9CEB8-8B4A-11D0-8D11-00A0C91BC942}") = "P13", "P13\P13.vcxproj", "{ACC77228-0A6A-49C1-AD19-32D02BBA8CC3}"
EndProject
Global
	GlobalSection(SolutionConfigurationPlatforms) = preSolution
		Debug|x64 = Debug|x64
		Debug|x86 = Debug|x86
		Release|x64 = Release|x64
		Release|x86 = Release|x86
	EndGlobalSection
	GlobalSection(ProjectConfigurationPlatforms) = postSolution
		{ACC77228-0A6A-49C1-AD19-32D02BBA8CC3}.Debug|x64.ActiveCfg = Debug|x64
		{ACC77228-0A6A-49C1-AD19-32D02BBA8CC3}.Debug|x64.Build.0 = Debug|x64
		{ACC77228-0A6A-49C1-AD19-32D02BBA8CC3}.Debug|x86.ActiveCfg = Debug|Win32
		{ACC77228-0A6A-49C1-AD19-32D02BBA8CC3}.Debug|x86.Build.0 = Debug|Win32
		{ACC77228-0A6A-49C1-AD19-32D02BBA8CC3}.Release|x64.ActiveCfg = Release|x64
		{ACC77228-0A6A-49C1-AD19-32D02BBA8CC3}.Release|x64.Build.0 = Release|x64
		{ACC77228-0A6A-49C1-AD19-32D02BBA8CC3}.Release|x86.ActiveCfg = Release|Win32
		{ACC77228-0A6A-49C1-AD19-32D02BBA8CC3}.Release|x86.Build.0 = Release|Win32
	EndGlobalSection
	GlobalSection(SolutionProperties) = preSolution
		HideSolutionNode = FALSE
	EndGlobalSection
	GlobalSection(ExtensibilityGlobals) = postSolution
		SolutionGuid = {9B13E331-A728-4A4E-ADE9-C903EA769890}
	EndGlobalSection
EndGlobal
